
Microsoft Visual Studio Solution File, Format Version 12.00
# Visual Studio Version 17
VisualStudioVersion = 17.3.32922.545
MinimumVisualStudioVersion = 10.0.40219.1
Project("{FAE04EC0-301F-11D3-BF4B-00C04F79EFBC}") = "Lab05Lib", "PP5\Lab05Lib.csproj", "{A7EAAC25-D36D-470A-A970-8CC7815A2C34}"
EndProject
Project("{FAE04EC0-301F-11D3-BF4B-00C04F79EFBC}") = "PP05", "PP05\PP05.csproj", "{706D4188-068E-42A5-95C7-0115AA99C9C4}"
EndProject
Global
	GlobalSection(SolutionConfigurationPlatforms) = preSolution
		Debug|Any CPU = Debug|Any CPU
		Release|Any CPU = Release|Any CPU
	EndGlobalSection
	GlobalSection(ProjectConfigurationPlatforms) = postSolution
		{A7EAAC25-D36D-470A-A970-8CC7815A2C34}.Debug|Any CPU.ActiveCfg = Debug|Any CPU
		{A7EAAC25-D36D-470A-A970-8CC7815A2C34}.Debug|Any CPU.Build.0 = Debug|Any CPU
		{A7EAAC25-D36D-470A-A970-8CC7815A2C34}.Release|Any CPU.ActiveCfg = Release|Any CPU
		{A7EAAC25-D36D-470A-A970-8CC7815A2C34}.Release|Any CPU.Build.0 = Release|Any CPU
		{706D4188-068E-42A5-95C7-0115AA99C9C4}.Debug|Any CPU.ActiveCfg = Debug|Any CPU
		{706D4188-068E-42A5-95C7-0115AA99C9C4}.Debug|Any CPU.Build.0 = Debug|Any CPU
		{706D4188-068E-42A5-95C7-0115AA99C9C4}.Release|Any CPU.ActiveCfg = Release|Any CPU
		{706D4188-068E-42A5-95C7-0115AA99C9C4}.Release|Any CPU.Build.0 = Release|Any CPU
	EndGlobalSection
	GlobalSection(SolutionProperties) = preSolution
		HideSolutionNode = FALSE
	EndGlobalSection
	GlobalSection(ExtensibilityGlobals) = postSolution
		SolutionGuid = {C82091DC-B178-4EFC-AB1A-C1ACE49F8E3D}
	EndGlobalSection
EndGlobal
