
Microsoft Visual Studio Solution File, Format Version 12.00
# Visual Studio Version 17
VisualStudioVersion = 17.3.32922.545
MinimumVisualStudioVersion = 10.0.40219.1
Project("{FAE04EC0-301F-11D3-BF4B-00C04F79EFBC}") = "Lab6Lib", "Lab6Lib\Lab6Lib.csproj", "{1CF30458-DEF1-424E-8C75-5D56847DB910}"
EndProject
Project("{FAE04EC0-301F-11D3-BF4B-00C04F79EFBC}") = "PP06", "PP06\PP06.csproj", "{09D4A52E-A70F-47F8-B382-09A659FA3A25}"
EndProject
Global
	GlobalSection(SolutionConfigurationPlatforms) = preSolution
		Debug|Any CPU = Debug|Any CPU
		Release|Any CPU = Release|Any CPU
	EndGlobalSection
	GlobalSection(ProjectConfigurationPlatforms) = postSolution
		{1CF30458-DEF1-424E-8C75-5D56847DB910}.Debug|Any CPU.ActiveCfg = Debug|Any CPU
		{1CF30458-DEF1-424E-8C75-5D56847DB910}.Debug|Any CPU.Build.0 = Debug|Any CPU
		{1CF30458-DEF1-424E-8C75-5D56847DB910}.Release|Any CPU.ActiveCfg = Release|Any CPU
		{1CF30458-DEF1-424E-8C75-5D56847DB910}.Release|Any CPU.Build.0 = Release|Any CPU
		{09D4A52E-A70F-47F8-B382-09A659FA3A25}.Debug|Any CPU.ActiveCfg = Debug|Any CPU
		{09D4A52E-A70F-47F8-B382-09A659FA3A25}.Debug|Any CPU.Build.0 = Debug|Any CPU
		{09D4A52E-A70F-47F8-B382-09A659FA3A25}.Release|Any CPU.ActiveCfg = Release|Any CPU
		{09D4A52E-A70F-47F8-B382-09A659FA3A25}.Release|Any CPU.Build.0 = Release|Any CPU
	EndGlobalSection
	GlobalSection(SolutionProperties) = preSolution
		HideSolutionNode = FALSE
	EndGlobalSection
	GlobalSection(ExtensibilityGlobals) = postSolution
		SolutionGuid = {5E7E24B3-CED9-4166-AE0A-20256FE3D7BB}
	EndGlobalSection
EndGlobal
