
Microsoft Visual Studio Solution File, Format Version 12.00
# Visual Studio Version 17
VisualStudioVersion = 17.3.32922.545
MinimumVisualStudioVersion = 10.0.40219.1
Project("{FAE04EC0-301F-11D3-BF4B-00C04F79EFBC}") = "PP1", "PP1\PP1.csproj", "{9B392A4B-BAE6-4429-84D9-37B9144D2DFE}"
EndProject
Global
	GlobalSection(SolutionConfigurationPlatforms) = preSolution
		Debug|Any CPU = Debug|Any CPU
		Release|Any CPU = Release|Any CPU
	EndGlobalSection
	GlobalSection(ProjectConfigurationPlatforms) = postSolution
		{9B392A4B-BAE6-4429-84D9-37B9144D2DFE}.Debug|Any CPU.ActiveCfg = Debug|Any CPU
		{9B392A4B-BAE6-4429-84D9-37B9144D2DFE}.Debug|Any CPU.Build.0 = Debug|Any CPU
		{9B392A4B-BAE6-4429-84D9-37B9144D2DFE}.Release|Any CPU.ActiveCfg = Release|Any CPU
		{9B392A4B-BAE6-4429-84D9-37B9144D2DFE}.Release|Any CPU.Build.0 = Release|Any CPU
	EndGlobalSection
	GlobalSection(SolutionProperties) = preSolution
		HideSolutionNode = FALSE
	EndGlobalSection
	GlobalSection(ExtensibilityGlobals) = postSolution
		SolutionGuid = {5B75E3CB-C02C-4450-B614-C13B8DA62936}
	EndGlobalSection
EndGlobal
